
Microsoft Visual Studio Solution File, Format Version 12.00
# Visual Studio Version 17
VisualStudioVersion = 17.10.35013.160
MinimumVisualStudioVersion = 10.0.40219.1
Project("{8BC9CEB8-8B4A-11D0-8D11-00A0C91BC942}") = "Ch2", "..\Ch2\Ch2.vcxproj", "{CA32CE27-B5FB-4FA4-8086-CE4CF0739E62}"
EndProject
Project("{8BC9CEB8-8B4A-11D0-8D11-00A0C91BC942}") = "Ch3", "Ch3-1\Ch3-1.vcxproj", "{84A0304A-A0D3-4D44-8258-9A4C6B92CCDC}"
EndProject
Global
	GlobalSection(SolutionConfigurationPlatforms) = preSolution
		Debug|x64 = Debug|x64
		Debug|x86 = Debug|x86
		Release|x64 = Release|x64
		Release|x86 = Release|x86
	EndGlobalSection
	GlobalSection(ProjectConfigurationPlatforms) = postSolution
		{CA32CE27-B5FB-4FA4-8086-CE4CF0739E62}.Debug|x64.ActiveCfg = Debug|x64
		{CA32CE27-B5FB-4FA4-8086-CE4CF0739E62}.Debug|x64.Build.0 = Debug|x64
		{CA32CE27-B5FB-4FA4-8086-CE4CF0739E62}.Debug|x86.ActiveCfg = Debug|Win32
		{CA32CE27-B5FB-4FA4-8086-CE4CF0739E62}.Debug|x86.Build.0 = Debug|Win32
		{CA32CE27-B5FB-4FA4-8086-CE4CF0739E62}.Release|x64.ActiveCfg = Release|x64
		{CA32CE27-B5FB-4FA4-8086-CE4CF0739E62}.Release|x64.Build.0 = Release|x64
		{CA32CE27-B5FB-4FA4-8086-CE4CF0739E62}.Release|x86.ActiveCfg = Release|Win32
		{CA32CE27-B5FB-4FA4-8086-CE4CF0739E62}.Release|x86.Build.0 = Release|Win32
		{84A0304A-A0D3-4D44-8258-9A4C6B92CCDC}.Debug|x64.ActiveCfg = Debug|x64
		{84A0304A-A0D3-4D44-8258-9A4C6B92CCDC}.Debug|x64.Build.0 = Debug|x64
		{84A0304A-A0D3-4D44-8258-9A4C6B92CCDC}.Debug|x86.ActiveCfg = Debug|Win32
		{84A0304A-A0D3-4D44-8258-9A4C6B92CCDC}.Debug|x86.Build.0 = Debug|Win32
		{84A0304A-A0D3-4D44-8258-9A4C6B92CCDC}.Release|x64.ActiveCfg = Release|x64
		{84A0304A-A0D3-4D44-8258-9A4C6B92CCDC}.Release|x64.Build.0 = Release|x64
		{84A0304A-A0D3-4D44-8258-9A4C6B92CCDC}.Release|x86.ActiveCfg = Release|Win32
		{84A0304A-A0D3-4D44-8258-9A4C6B92CCDC}.Release|x86.Build.0 = Release|Win32
	EndGlobalSection
	GlobalSection(SolutionProperties) = preSolution
		HideSolutionNode = FALSE
	EndGlobalSection
	GlobalSection(ExtensibilityGlobals) = postSolution
		SolutionGuid = {623F1F4C-6180-4482-BD3F-005BF5EBC560}
	EndGlobalSection
EndGlobal
